Microsoft Visual Studio Solution File, Format Version 12.00
# Visual Studio Version 17
Project("{FAE04EC0-301F-11D3-BF4B-00C04F79EFBC}") = "backend", "backend\backend.csproj", "{C59471B0-5694-4A8E-89DE-E894A82AA3AD}"
EndProject
Project("{2150E333-8FDC-42A3-9474-1A3956D46DE8}") = "frontend", "frontend", "{A1B2C3D4-E5F6-47A8-9B0C-1D2E3F4G5H6I}"
	ProjectSection(SolutionItems) = preProject
		frontend\pubspec.yaml = frontend\pubspec.yaml
		frontend\lib\main.dart = frontend\lib\main.dart
	EndProjectSection
EndProject
Global
	GlobalSection(SolutionConfigurationPlatforms) = preSolution
		Debug|Any CPU = Debug|Any CPU
		Release|Any CPU = Release|Any CPU
	EndGlobalSection
	GlobalSection(ProjectConfigurationPlatforms) = postSolution
		{C59471B0-5694-4A8E-89DE-E894A82AA3AD}.Debug|Any CPU.ActiveCfg = Debug|Any CPU
		{C59471B0-5694-4A8E-89DE-E894A82AA3AD}.Debug|Any CPU.Build.0 = Debug|Any CPU
		{C59471B0-5694-4A8E-89DE-E894A82AA3AD}.Release|Any CPU.ActiveCfg = Release|Any CPU
		{C59471B0-5694-4A8E-89DE-E894A82AA3AD}.Release|Any CPU.Build.0 = Release|Any CPU
	EndGlobalSection
EndGlobal